
Microsoft Visual Studio Solution File, Format Version 12.00
# Visual Studio Version 17
VisualStudioVersion = 17.5.002.0
MinimumVisualStudioVersion = 10.0.40219.1
Project("{9A19103F-16F7-4668-BE54-9A1E7A4F7556}") = "Shape", "Shape.csproj", "{FAB89F22-F576-432B-BFB0-260FCF772A14}"
EndProject
Global
	GlobalSection(SolutionConfigurationPlatforms) = preSolution
		Debug|Any CPU = Debug|Any CPU
		Release|Any CPU = Release|Any CPU
	EndGlobalSection
	GlobalSection(ProjectConfigurationPlatforms) = postSolution
		{FAB89F22-F576-432B-BFB0-260FCF772A14}.Debug|Any CPU.ActiveCfg = Debug|Any CPU
		{FAB89F22-F576-432B-BFB0-260FCF772A14}.Debug|Any CPU.Build.0 = Debug|Any CPU
		{FAB89F22-F576-432B-BFB0-260FCF772A14}.Release|Any CPU.ActiveCfg = Release|Any CPU
		{FAB89F22-F576-432B-BFB0-260FCF772A14}.Release|Any CPU.Build.0 = Release|Any CPU
	EndGlobalSection
	GlobalSection(SolutionProperties) = preSolution
		HideSolutionNode = FALSE
	EndGlobalSection
	GlobalSection(ExtensibilityGlobals) = postSolution
		SolutionGuid = {CF135FDF-A22D-452E-AE5B-B2D8E012DBDA}
	EndGlobalSection
EndGlobal
